
Microsoft Visual Studio Solution File, Format Version 12.00
# Visual Studio Version 17
VisualStudioVersion = 17.12.35707.178
MinimumVisualStudioVersion = 10.0.40219.1
Project("{FAE04EC0-301F-11D3-BF4B-00C04F79EFBC}") = "TaskManager.API", "TaskManager.API\TaskManager.API.csproj", "{DA111B8B-00D6-48E5-9F6A-1DBD14EFBAA7}"
EndProject
Project("{FAE04EC0-301F-11D3-BF4B-00C04F79EFBC}") = "TaskManager.Core", "TaskManager.Core\TaskManager.Core.csproj", "{0E93589A-C2F4-40B1-BA6B-4DFB2F98760C}"
EndProject
Project("{FAE04EC0-301F-11D3-BF4B-00C04F79EFBC}") = "TaskManager.Infra", "TaskManager.Infra\TaskManager.Infra.csproj", "{E5E488BA-638A-47BA-A5DB-9174B58D692E}"
EndProject
Project("{2150E333-8FDC-42A3-9474-1A3956D46DE8}") = "src", "src", "{1BEE98AF-DD64-4A84-B43B-5209767045FB}"
EndProject
Project("{2150E333-8FDC-42A3-9474-1A3956D46DE8}") = "tests", "tests", "{BFA054CF-2A9A-428F-BA68-EA53C1F58386}"
EndProject
Project("{FAE04EC0-301F-11D3-BF4B-00C04F79EFBC}") = "TaskManager.API.Tests", "TaskManager.API.Tests\TaskManager.API.Tests.csproj", "{A397E606-C578-4C4A-9FAB-38C1AB70C0C5}"
EndProject
Project("{FAE04EC0-301F-11D3-BF4B-00C04F79EFBC}") = "TaskManager.Core.Tests", "TaskManager.Core.Tests\TaskManager.Core.Tests.csproj", "{7DDB77A5-1195-41D8-8064-1968E4A04B96}"
EndProject
Project("{FAE04EC0-301F-11D3-BF4B-00C04F79EFBC}") = "TaskManager.Infra.Tests", "TaskManager.Infra.Tests\TaskManager.Infra.Tests.csproj", "{FD483F19-AC66-4086-96F8-CD397D4BFA50}"
EndProject
Project("{FAE04EC0-301F-11D3-BF4B-00C04F79EFBC}") = "TaskManager.Integration.Tests", "TaskManager.Integration.Tests\TaskManager.Integration.Tests.csproj", "{23B6045F-3226-43B2-BF32-806D74F222FA}"
EndProject
Project("{2150E333-8FDC-42A3-9474-1A3956D46DE8}") = "unit", "unit", "{D86B13AE-AE48-4FCE-9B7F-FA30922BC3A9}"
EndProject
Project("{2150E333-8FDC-42A3-9474-1A3956D46DE8}") = "integration", "integration", "{AE567E2D-C32B-4059-A11A-16E83BF9BC3B}"
EndProject
Project("{FAE04EC0-301F-11D3-BF4B-00C04F79EFBC}") = "TaskManager.TestUtils", "TaskManager.TestUtils\TaskManager.TestUtils.csproj", "{EF2356B9-7AEF-4153-AA8F-CC6BDB0CA2EE}"
EndProject
Global
	GlobalSection(SolutionConfigurationPlatforms) = preSolution
		Debug|Any CPU = Debug|Any CPU
		Release|Any CPU = Release|Any CPU
	EndGlobalSection
	GlobalSection(ProjectConfigurationPlatforms) = postSolution
		{DA111B8B-00D6-48E5-9F6A-1DBD14EFBAA7}.Debug|Any CPU.ActiveCfg = Debug|Any CPU
		{DA111B8B-00D6-48E5-9F6A-1DBD14EFBAA7}.Debug|Any CPU.Build.0 = Debug|Any CPU
		{DA111B8B-00D6-48E5-9F6A-1DBD14EFBAA7}.Release|Any CPU.ActiveCfg = Release|Any CPU
		{DA111B8B-00D6-48E5-9F6A-1DBD14EFBAA7}.Release|Any CPU.Build.0 = Release|Any CPU
		{0E93589A-C2F4-40B1-BA6B-4DFB2F98760C}.Debug|Any CPU.ActiveCfg = Debug|Any CPU
		{0E93589A-C2F4-40B1-BA6B-4DFB2F98760C}.Debug|Any CPU.Build.0 = Debug|Any CPU
		{0E93589A-C2F4-40B1-BA6B-4DFB2F98760C}.Release|Any CPU.ActiveCfg = Release|Any CPU
		{0E93589A-C2F4-40B1-BA6B-4DFB2F98760C}.Release|Any CPU.Build.0 = Release|Any CPU
		{E5E488BA-638A-47BA-A5DB-9174B58D692E}.Debug|Any CPU.ActiveCfg = Debug|Any CPU
		{E5E488BA-638A-47BA-A5DB-9174B58D692E}.Debug|Any CPU.Build.0 = Debug|Any CPU
		{E5E488BA-638A-47BA-A5DB-9174B58D692E}.Release|Any CPU.ActiveCfg = Release|Any CPU
		{E5E488BA-638A-47BA-A5DB-9174B58D692E}.Release|Any CPU.Build.0 = Release|Any CPU
		{A397E606-C578-4C4A-9FAB-38C1AB70C0C5}.Debug|Any CPU.ActiveCfg = Debug|Any CPU
		{A397E606-C578-4C4A-9FAB-38C1AB70C0C5}.Debug|Any CPU.Build.0 = Debug|Any CPU
		{A397E606-C578-4C4A-9FAB-38C1AB70C0C5}.Release|Any CPU.ActiveCfg = Release|Any CPU
		{A397E606-C578-4C4A-9FAB-38C1AB70C0C5}.Release|Any CPU.Build.0 = Release|Any CPU
		{7DDB77A5-1195-41D8-8064-1968E4A04B96}.Debug|Any CPU.ActiveCfg = Debug|Any CPU
		{7DDB77A5-1195-41D8-8064-1968E4A04B96}.Debug|Any CPU.Build.0 = Debug|Any CPU
		{7DDB77A5-1195-41D8-8064-1968E4A04B96}.Release|Any CPU.ActiveCfg = Release|Any CPU
		{7DDB77A5-1195-41D8-8064-1968E4A04B96}.Release|Any CPU.Build.0 = Release|Any CPU
		{FD483F19-AC66-4086-96F8-CD397D4BFA50}.Debug|Any CPU.ActiveCfg = Debug|Any CPU
		{FD483F19-AC66-4086-96F8-CD397D4BFA50}.Debug|Any CPU.Build.0 = Debug|Any CPU
		{FD483F19-AC66-4086-96F8-CD397D4BFA50}.Release|Any CPU.ActiveCfg = Release|Any CPU
		{FD483F19-AC66-4086-96F8-CD397D4BFA50}.Release|Any CPU.Build.0 = Release|Any CPU
		{23B6045F-3226-43B2-BF32-806D74F222FA}.Debug|Any CPU.ActiveCfg = Debug|Any CPU
		{23B6045F-3226-43B2-BF32-806D74F222FA}.Debug|Any CPU.Build.0 = Debug|Any CPU
		{23B6045F-3226-43B2-BF32-806D74F222FA}.Release|Any CPU.ActiveCfg = Release|Any CPU
		{23B6045F-3226-43B2-BF32-806D74F222FA}.Release|Any CPU.Build.0 = Release|Any CPU
		{EF2356B9-7AEF-4153-AA8F-CC6BDB0CA2EE}.Debug|Any CPU.ActiveCfg = Debug|Any CPU
		{EF2356B9-7AEF-4153-AA8F-CC6BDB0CA2EE}.Debug|Any CPU.Build.0 = Debug|Any CPU
		{EF2356B9-7AEF-4153-AA8F-CC6BDB0CA2EE}.Release|Any CPU.ActiveCfg = Release|Any CPU
		{EF2356B9-7AEF-4153-AA8F-CC6BDB0CA2EE}.Release|Any CPU.Build.0 = Release|Any CPU
	EndGlobalSection
	GlobalSection(SolutionProperties) = preSolution
		HideSolutionNode = FALSE
	EndGlobalSection
	GlobalSection(NestedProjects) = preSolution
		{DA111B8B-00D6-48E5-9F6A-1DBD14EFBAA7} = {1BEE98AF-DD64-4A84-B43B-5209767045FB}
		{0E93589A-C2F4-40B1-BA6B-4DFB2F98760C} = {1BEE98AF-DD64-4A84-B43B-5209767045FB}
		{E5E488BA-638A-47BA-A5DB-9174B58D692E} = {1BEE98AF-DD64-4A84-B43B-5209767045FB}
		{A397E606-C578-4C4A-9FAB-38C1AB70C0C5} = {D86B13AE-AE48-4FCE-9B7F-FA30922BC3A9}
		{7DDB77A5-1195-41D8-8064-1968E4A04B96} = {D86B13AE-AE48-4FCE-9B7F-FA30922BC3A9}
		{FD483F19-AC66-4086-96F8-CD397D4BFA50} = {D86B13AE-AE48-4FCE-9B7F-FA30922BC3A9}
		{23B6045F-3226-43B2-BF32-806D74F222FA} = {AE567E2D-C32B-4059-A11A-16E83BF9BC3B}
		{D86B13AE-AE48-4FCE-9B7F-FA30922BC3A9} = {BFA054CF-2A9A-428F-BA68-EA53C1F58386}
		{AE567E2D-C32B-4059-A11A-16E83BF9BC3B} = {BFA054CF-2A9A-428F-BA68-EA53C1F58386}
		{EF2356B9-7AEF-4153-AA8F-CC6BDB0CA2EE} = {BFA054CF-2A9A-428F-BA68-EA53C1F58386}
	EndGlobalSection
EndGlobal
